
Microsoft Visual Studio Solution File, Format Version 12.00
# Visual Studio Version 16
VisualStudioVersion = 16.0.30517.126
MinimumVisualStudioVersion = 10.0.40219.1
Project("{8BC9CEB8-8B4A-11D0-8D11-00A0C91BC942}") = "Exercice1", "Exercice1\Exercice1.vcxproj", "{12E69F46-C832-40D6-A793-35439C7A316F}"
EndProject
Global
	GlobalSection(SolutionConfigurationPlatforms) = preSolution
		Debug|x64 = Debug|x64
		Debug|x86 = Debug|x86
		Release|x64 = Release|x64
		Release|x86 = Release|x86
	EndGlobalSection
	GlobalSection(ProjectConfigurationPlatforms) = postSolution
		{12E69F46-C832-40D6-A793-35439C7A316F}.Debug|x64.ActiveCfg = Debug|x64
		{12E69F46-C832-40D6-A793-35439C7A316F}.Debug|x64.Build.0 = Debug|x64
		{12E69F46-C832-40D6-A793-35439C7A316F}.Debug|x86.ActiveCfg = Debug|Win32
		{12E69F46-C832-40D6-A793-35439C7A316F}.Debug|x86.Build.0 = Debug|Win32
		{12E69F46-C832-40D6-A793-35439C7A316F}.Release|x64.ActiveCfg = Release|x64
		{12E69F46-C832-40D6-A793-35439C7A316F}.Release|x64.Build.0 = Release|x64
		{12E69F46-C832-40D6-A793-35439C7A316F}.Release|x86.ActiveCfg = Release|Win32
		{12E69F46-C832-40D6-A793-35439C7A316F}.Release|x86.Build.0 = Release|Win32
	EndGlobalSection
	GlobalSection(SolutionProperties) = preSolution
		HideSolutionNode = FALSE
	EndGlobalSection
	GlobalSection(ExtensibilityGlobals) = postSolution
		SolutionGuid = {F2B48F15-FD28-4F99-8CC8-E4F05E36FEBB}
	EndGlobalSection
EndGlobal
